
Microsoft Visual Studio Solution File, Format Version 12.00
# Visual Studio Version 16
VisualStudioVersion = 25.0.1706.12
MinimumVisualStudioVersion = 10.0.40219.1
Project("{FAE04EC0-301F-11D3-BF4B-00C04F79EFBC}") = "Forum", "Forum.csproj", "{2F9283C9-33E9-45EF-A618-D1144F265A85}"
EndProject
Global
	GlobalSection(SolutionConfigurationPlatforms) = preSolution
		Debug|Any CPU = Debug|Any CPU
		Release|Any CPU = Release|Any CPU
	EndGlobalSection
	GlobalSection(ProjectConfigurationPlatforms) = postSolution
		{2F9283C9-33E9-45EF-A618-D1144F265A85}.Debug|Any CPU.ActiveCfg = Debug|Any CPU
		{2F9283C9-33E9-45EF-A618-D1144F265A85}.Debug|Any CPU.Build.0 = Debug|Any CPU
		{2F9283C9-33E9-45EF-A618-D1144F265A85}.Release|Any CPU.ActiveCfg = Release|Any CPU
		{2F9283C9-33E9-45EF-A618-D1144F265A85}.Release|Any CPU.Build.0 = Release|Any CPU
	EndGlobalSection
	GlobalSection(SolutionProperties) = preSolution
		HideSolutionNode = FALSE
	EndGlobalSection
	GlobalSection(ExtensibilityGlobals) = postSolution
		SolutionGuid = {AC965CF0-7BC5-49AD-AAC9-80CF6329978E}
	EndGlobalSection
EndGlobal
